
Microsoft Visual Studio Solution File, Format Version 12.00
# Visual Studio Version 17
VisualStudioVersion = 17.7.34018.315
MinimumVisualStudioVersion = 10.0.40219.1
Project("{FAE04EC0-301F-11D3-BF4B-00C04F79EFBC}") = "MyTestWebApplication", "MyTestWebApplication\MyTestWebApplication.csproj", "{D9221C03-795F-4D3A-97AC-5F4529F474FC}"
EndProject
Global
	GlobalSection(SolutionConfigurationPlatforms) = preSolution
		Debug|Any CPU = Debug|Any CPU
		Release|Any CPU = Release|Any CPU
	EndGlobalSection
	GlobalSection(ProjectConfigurationPlatforms) = postSolution
		{D9221C03-795F-4D3A-97AC-5F4529F474FC}.Debug|Any CPU.ActiveCfg = Debug|Any CPU
		{D9221C03-795F-4D3A-97AC-5F4529F474FC}.Debug|Any CPU.Build.0 = Debug|Any CPU
		{D9221C03-795F-4D3A-97AC-5F4529F474FC}.Release|Any CPU.ActiveCfg = Release|Any CPU
		{D9221C03-795F-4D3A-97AC-5F4529F474FC}.Release|Any CPU.Build.0 = Release|Any CPU
	EndGlobalSection
	GlobalSection(SolutionProperties) = preSolution
		HideSolutionNode = FALSE
	EndGlobalSection
	GlobalSection(ExtensibilityGlobals) = postSolution
		SolutionGuid = {A98D3DAE-0012-4FF8-9A0B-73F2F38384EB}
	EndGlobalSection
EndGlobal
